
Microsoft Visual Studio Solution File, Format Version 12.00
# Visual Studio Version 17
VisualStudioVersion = 17.7.34202.233
MinimumVisualStudioVersion = 10.0.40219.1
Project("{9A19103F-16F7-4668-BE54-9A1E7A4F7556}") = "Auth.Api", "src\Auth\Auth.Api\Auth.Api.csproj", "{F15266AC-0ACE-44AE-B0B4-AFB8DCC9863E}"
EndProject
Project("{2150E333-8FDC-42A3-9474-1A3956D46DE8}") = "Auth", "Auth", "{62FFE13C-DC20-45E2-B6A3-CD3F66411664}"
EndProject
Project("{9A19103F-16F7-4668-BE54-9A1E7A4F7556}") = "Auth.Application", "src\Auth\Auth.Application\Auth.Application.csproj", "{970D6245-9B7B-4634-8C31-943DC3B6B76F}"
EndProject
Project("{9A19103F-16F7-4668-BE54-9A1E7A4F7556}") = "Auth.Domain", "src\Auth\Auth.Domain\Auth.Domain.csproj", "{40DA53BE-00CF-4B71-89A8-5F0AD9E45F00}"
EndProject
Project("{9A19103F-16F7-4668-BE54-9A1E7A4F7556}") = "Auth.Infrastructure", "src\Auth\Auth.Infrastucture\Auth.Infrastructure.csproj", "{6587C62D-FC63-47F9-AD93-1F82F26CE402}"
EndProject
Project("{2150E333-8FDC-42A3-9474-1A3956D46DE8}") = "Properties", "Properties", "{76ACE148-CE86-476D-8624-7D316729FFEA}"
EndProject
Project("{9A19103F-16F7-4668-BE54-9A1E7A4F7556}") = "Properties.Api", "src\Properties\Properties.Api\Properties.Api.csproj", "{84DEB878-9F62-46D9-9E1A-59C5C6C08F7C}"
EndProject
Project("{9A19103F-16F7-4668-BE54-9A1E7A4F7556}") = "Properties.Application", "src\Properties\Properties.Application\Properties.Application.csproj", "{91E4ED5A-2BF3-431B-A975-57E98F35E84E}"
EndProject
Project("{9A19103F-16F7-4668-BE54-9A1E7A4F7556}") = "Properties.Domain", "src\Properties\Properties.Domain\Properties.Domain.csproj", "{BB7F59C7-3129-47BD-986B-AC357F405B04}"
EndProject
Project("{2150E333-8FDC-42A3-9474-1A3956D46DE8}") = "Common", "Common", "{B4FBA904-FE38-416A-8869-B464897CE7B6}"
EndProject
Project("{9A19103F-16F7-4668-BE54-9A1E7A4F7556}") = "Common", "src\Common\Common.csproj", "{F7A34574-EC47-4497-8D05-AD25711D8999}"
EndProject
Project("{2150E333-8FDC-42A3-9474-1A3956D46DE8}") = "Images", "Images", "{03C1F0F6-3B7A-4179-AFE2-25CA59BDF099}"
EndProject
Project("{9A19103F-16F7-4668-BE54-9A1E7A4F7556}") = "Images.Api", "src\Images\Images.Api\Images.Api.csproj", "{DEC4BEDB-1407-4635-A713-EE7BA013AFB0}"
EndProject
Project("{9A19103F-16F7-4668-BE54-9A1E7A4F7556}") = "Images.Application", "src\Images\Images.Application\Images.Application.csproj", "{B1F67AE8-00C2-43E6-BFBE-740394C78C8C}"
EndProject
Project("{9A19103F-16F7-4668-BE54-9A1E7A4F7556}") = "Images.Domain", "src\Images\Images.Domain\Images.Domain.csproj", "{E2CFD74E-1F8B-42CA-B845-9A76009FC280}"
EndProject
Project("{9A19103F-16F7-4668-BE54-9A1E7A4F7556}") = "Images.Infrastructure", "src\Images\Images.Infrastructure\Images.Infrastructure.csproj", "{F7EA431E-8397-46B2-8A0D-68EAFFB1F89F}"
EndProject
Project("{9A19103F-16F7-4668-BE54-9A1E7A4F7556}") = "Properties.Infrastructure", "src\Properties\Properties.Infrastructure\Properties.Infrastructure.csproj", "{016C20AE-517E-4D13-B639-95E908DF0B99}"
EndProject
Project("{2150E333-8FDC-42A3-9474-1A3956D46DE8}") = "Admins", "Admins", "{C54A6BF6-6582-4E85-8E85-ADAF8BBAC901}"
EndProject
Project("{9A19103F-16F7-4668-BE54-9A1E7A4F7556}") = "Admins.Api", "src\Admins\Admins.Api\Admins.Api.csproj", "{01D0F39B-4C98-446F-BAF3-A439C7B64E24}"
EndProject
Project("{9A19103F-16F7-4668-BE54-9A1E7A4F7556}") = "Admins.Application", "src\Admins\Admins.Application\Admins.Application.csproj", "{B429247B-1060-42CF-8656-87D49E1BD9A8}"
EndProject
Project("{9A19103F-16F7-4668-BE54-9A1E7A4F7556}") = "Admins.Domain", "src\Admins\Admins.Domain\Admins.Domain.csproj", "{2D79CA42-3352-4F9B-A476-C7E9DDD70256}"
EndProject
Project("{9A19103F-16F7-4668-BE54-9A1E7A4F7556}") = "Admins.Infrastructure", "src\Admins\Admins.Infrastructure\Admins.Infrastructure.csproj", "{F58E1E72-52B9-43AB-AD25-4ADF1C30459D}"
EndProject
Project("{E53339B2-1760-4266-BCC7-CA923CBCF16C}") = "docker-compose", "docker-compose.dcproj", "{E8986681-5F40-47C2-B4C2-3433090806A1}"
EndProject
Global
	GlobalSection(SolutionConfigurationPlatforms) = preSolution
		Debug|Any CPU = Debug|Any CPU
		Release|Any CPU = Release|Any CPU
	EndGlobalSection
	GlobalSection(ProjectConfigurationPlatforms) = postSolution
		{F15266AC-0ACE-44AE-B0B4-AFB8DCC9863E}.Debug|Any CPU.ActiveCfg = Debug|Any CPU
		{F15266AC-0ACE-44AE-B0B4-AFB8DCC9863E}.Debug|Any CPU.Build.0 = Debug|Any CPU
		{F15266AC-0ACE-44AE-B0B4-AFB8DCC9863E}.Release|Any CPU.ActiveCfg = Release|Any CPU
		{F15266AC-0ACE-44AE-B0B4-AFB8DCC9863E}.Release|Any CPU.Build.0 = Release|Any CPU
		{970D6245-9B7B-4634-8C31-943DC3B6B76F}.Debug|Any CPU.ActiveCfg = Debug|Any CPU
		{970D6245-9B7B-4634-8C31-943DC3B6B76F}.Debug|Any CPU.Build.0 = Debug|Any CPU
		{970D6245-9B7B-4634-8C31-943DC3B6B76F}.Release|Any CPU.ActiveCfg = Release|Any CPU
		{970D6245-9B7B-4634-8C31-943DC3B6B76F}.Release|Any CPU.Build.0 = Release|Any CPU
		{40DA53BE-00CF-4B71-89A8-5F0AD9E45F00}.Debug|Any CPU.ActiveCfg = Debug|Any CPU
		{40DA53BE-00CF-4B71-89A8-5F0AD9E45F00}.Debug|Any CPU.Build.0 = Debug|Any CPU
		{40DA53BE-00CF-4B71-89A8-5F0AD9E45F00}.Release|Any CPU.ActiveCfg = Release|Any CPU
		{40DA53BE-00CF-4B71-89A8-5F0AD9E45F00}.Release|Any CPU.Build.0 = Release|Any CPU
		{6587C62D-FC63-47F9-AD93-1F82F26CE402}.Debug|Any CPU.ActiveCfg = Debug|Any CPU
		{6587C62D-FC63-47F9-AD93-1F82F26CE402}.Debug|Any CPU.Build.0 = Debug|Any CPU
		{6587C62D-FC63-47F9-AD93-1F82F26CE402}.Release|Any CPU.ActiveCfg = Release|Any CPU
		{6587C62D-FC63-47F9-AD93-1F82F26CE402}.Release|Any CPU.Build.0 = Release|Any CPU
		{84DEB878-9F62-46D9-9E1A-59C5C6C08F7C}.Debug|Any CPU.ActiveCfg = Debug|Any CPU
		{84DEB878-9F62-46D9-9E1A-59C5C6C08F7C}.Debug|Any CPU.Build.0 = Debug|Any CPU
		{84DEB878-9F62-46D9-9E1A-59C5C6C08F7C}.Release|Any CPU.ActiveCfg = Release|Any CPU
		{84DEB878-9F62-46D9-9E1A-59C5C6C08F7C}.Release|Any CPU.Build.0 = Release|Any CPU
		{91E4ED5A-2BF3-431B-A975-57E98F35E84E}.Debug|Any CPU.ActiveCfg = Debug|Any CPU
		{91E4ED5A-2BF3-431B-A975-57E98F35E84E}.Debug|Any CPU.Build.0 = Debug|Any CPU
		{91E4ED5A-2BF3-431B-A975-57E98F35E84E}.Release|Any CPU.ActiveCfg = Release|Any CPU
		{91E4ED5A-2BF3-431B-A975-57E98F35E84E}.Release|Any CPU.Build.0 = Release|Any CPU
		{BB7F59C7-3129-47BD-986B-AC357F405B04}.Debug|Any CPU.ActiveCfg = Debug|Any CPU
		{BB7F59C7-3129-47BD-986B-AC357F405B04}.Debug|Any CPU.Build.0 = Debug|Any CPU
		{BB7F59C7-3129-47BD-986B-AC357F405B04}.Release|Any CPU.ActiveCfg = Release|Any CPU
		{BB7F59C7-3129-47BD-986B-AC357F405B04}.Release|Any CPU.Build.0 = Release|Any CPU
		{F7A34574-EC47-4497-8D05-AD25711D8999}.Debug|Any CPU.ActiveCfg = Debug|Any CPU
		{F7A34574-EC47-4497-8D05-AD25711D8999}.Debug|Any CPU.Build.0 = Debug|Any CPU
		{F7A34574-EC47-4497-8D05-AD25711D8999}.Release|Any CPU.ActiveCfg = Release|Any CPU
		{F7A34574-EC47-4497-8D05-AD25711D8999}.Release|Any CPU.Build.0 = Release|Any CPU
		{DEC4BEDB-1407-4635-A713-EE7BA013AFB0}.Debug|Any CPU.ActiveCfg = Debug|Any CPU
		{DEC4BEDB-1407-4635-A713-EE7BA013AFB0}.Debug|Any CPU.Build.0 = Debug|Any CPU
		{DEC4BEDB-1407-4635-A713-EE7BA013AFB0}.Release|Any CPU.ActiveCfg = Release|Any CPU
		{DEC4BEDB-1407-4635-A713-EE7BA013AFB0}.Release|Any CPU.Build.0 = Release|Any CPU
		{B1F67AE8-00C2-43E6-BFBE-740394C78C8C}.Debug|Any CPU.ActiveCfg = Debug|Any CPU
		{B1F67AE8-00C2-43E6-BFBE-740394C78C8C}.Debug|Any CPU.Build.0 = Debug|Any CPU
		{B1F67AE8-00C2-43E6-BFBE-740394C78C8C}.Release|Any CPU.ActiveCfg = Release|Any CPU
		{B1F67AE8-00C2-43E6-BFBE-740394C78C8C}.Release|Any CPU.Build.0 = Release|Any CPU
		{E2CFD74E-1F8B-42CA-B845-9A76009FC280}.Debug|Any CPU.ActiveCfg = Debug|Any CPU
		{E2CFD74E-1F8B-42CA-B845-9A76009FC280}.Debug|Any CPU.Build.0 = Debug|Any CPU
		{E2CFD74E-1F8B-42CA-B845-9A76009FC280}.Release|Any CPU.ActiveCfg = Release|Any CPU
		{E2CFD74E-1F8B-42CA-B845-9A76009FC280}.Release|Any CPU.Build.0 = Release|Any CPU
		{F7EA431E-8397-46B2-8A0D-68EAFFB1F89F}.Debug|Any CPU.ActiveCfg = Debug|Any CPU
		{F7EA431E-8397-46B2-8A0D-68EAFFB1F89F}.Debug|Any CPU.Build.0 = Debug|Any CPU
		{F7EA431E-8397-46B2-8A0D-68EAFFB1F89F}.Release|Any CPU.ActiveCfg = Release|Any CPU
		{F7EA431E-8397-46B2-8A0D-68EAFFB1F89F}.Release|Any CPU.Build.0 = Release|Any CPU
		{016C20AE-517E-4D13-B639-95E908DF0B99}.Debug|Any CPU.ActiveCfg = Debug|Any CPU
		{016C20AE-517E-4D13-B639-95E908DF0B99}.Debug|Any CPU.Build.0 = Debug|Any CPU
		{016C20AE-517E-4D13-B639-95E908DF0B99}.Release|Any CPU.ActiveCfg = Release|Any CPU
		{016C20AE-517E-4D13-B639-95E908DF0B99}.Release|Any CPU.Build.0 = Release|Any CPU
		{01D0F39B-4C98-446F-BAF3-A439C7B64E24}.Debug|Any CPU.ActiveCfg = Debug|Any CPU
		{01D0F39B-4C98-446F-BAF3-A439C7B64E24}.Debug|Any CPU.Build.0 = Debug|Any CPU
		{01D0F39B-4C98-446F-BAF3-A439C7B64E24}.Release|Any CPU.ActiveCfg = Release|Any CPU
		{01D0F39B-4C98-446F-BAF3-A439C7B64E24}.Release|Any CPU.Build.0 = Release|Any CPU
		{B429247B-1060-42CF-8656-87D49E1BD9A8}.Debug|Any CPU.ActiveCfg = Debug|Any CPU
		{B429247B-1060-42CF-8656-87D49E1BD9A8}.Debug|Any CPU.Build.0 = Debug|Any CPU
		{B429247B-1060-42CF-8656-87D49E1BD9A8}.Release|Any CPU.ActiveCfg = Release|Any CPU
		{B429247B-1060-42CF-8656-87D49E1BD9A8}.Release|Any CPU.Build.0 = Release|Any CPU
		{2D79CA42-3352-4F9B-A476-C7E9DDD70256}.Debug|Any CPU.ActiveCfg = Debug|Any CPU
		{2D79CA42-3352-4F9B-A476-C7E9DDD70256}.Debug|Any CPU.Build.0 = Debug|Any CPU
		{2D79CA42-3352-4F9B-A476-C7E9DDD70256}.Release|Any CPU.ActiveCfg = Release|Any CPU
		{2D79CA42-3352-4F9B-A476-C7E9DDD70256}.Release|Any CPU.Build.0 = Release|Any CPU
		{F58E1E72-52B9-43AB-AD25-4ADF1C30459D}.Debug|Any CPU.ActiveCfg = Debug|Any CPU
		{F58E1E72-52B9-43AB-AD25-4ADF1C30459D}.Debug|Any CPU.Build.0 = Debug|Any CPU
		{F58E1E72-52B9-43AB-AD25-4ADF1C30459D}.Release|Any CPU.ActiveCfg = Release|Any CPU
		{F58E1E72-52B9-43AB-AD25-4ADF1C30459D}.Release|Any CPU.Build.0 = Release|Any CPU
		{E8986681-5F40-47C2-B4C2-3433090806A1}.Debug|Any CPU.ActiveCfg = Debug|Any CPU
		{E8986681-5F40-47C2-B4C2-3433090806A1}.Debug|Any CPU.Build.0 = Debug|Any CPU
		{E8986681-5F40-47C2-B4C2-3433090806A1}.Release|Any CPU.ActiveCfg = Release|Any CPU
		{E8986681-5F40-47C2-B4C2-3433090806A1}.Release|Any CPU.Build.0 = Release|Any CPU
	EndGlobalSection
	GlobalSection(SolutionProperties) = preSolution
		HideSolutionNode = FALSE
	EndGlobalSection
	GlobalSection(NestedProjects) = preSolution
		{F15266AC-0ACE-44AE-B0B4-AFB8DCC9863E} = {62FFE13C-DC20-45E2-B6A3-CD3F66411664}
		{970D6245-9B7B-4634-8C31-943DC3B6B76F} = {62FFE13C-DC20-45E2-B6A3-CD3F66411664}
		{40DA53BE-00CF-4B71-89A8-5F0AD9E45F00} = {62FFE13C-DC20-45E2-B6A3-CD3F66411664}
		{6587C62D-FC63-47F9-AD93-1F82F26CE402} = {62FFE13C-DC20-45E2-B6A3-CD3F66411664}
		{84DEB878-9F62-46D9-9E1A-59C5C6C08F7C} = {76ACE148-CE86-476D-8624-7D316729FFEA}
		{91E4ED5A-2BF3-431B-A975-57E98F35E84E} = {76ACE148-CE86-476D-8624-7D316729FFEA}
		{BB7F59C7-3129-47BD-986B-AC357F405B04} = {76ACE148-CE86-476D-8624-7D316729FFEA}
		{F7A34574-EC47-4497-8D05-AD25711D8999} = {B4FBA904-FE38-416A-8869-B464897CE7B6}
		{DEC4BEDB-1407-4635-A713-EE7BA013AFB0} = {03C1F0F6-3B7A-4179-AFE2-25CA59BDF099}
		{B1F67AE8-00C2-43E6-BFBE-740394C78C8C} = {03C1F0F6-3B7A-4179-AFE2-25CA59BDF099}
		{E2CFD74E-1F8B-42CA-B845-9A76009FC280} = {03C1F0F6-3B7A-4179-AFE2-25CA59BDF099}
		{F7EA431E-8397-46B2-8A0D-68EAFFB1F89F} = {03C1F0F6-3B7A-4179-AFE2-25CA59BDF099}
		{016C20AE-517E-4D13-B639-95E908DF0B99} = {76ACE148-CE86-476D-8624-7D316729FFEA}
		{01D0F39B-4C98-446F-BAF3-A439C7B64E24} = {C54A6BF6-6582-4E85-8E85-ADAF8BBAC901}
		{B429247B-1060-42CF-8656-87D49E1BD9A8} = {C54A6BF6-6582-4E85-8E85-ADAF8BBAC901}
		{2D79CA42-3352-4F9B-A476-C7E9DDD70256} = {C54A6BF6-6582-4E85-8E85-ADAF8BBAC901}
		{F58E1E72-52B9-43AB-AD25-4ADF1C30459D} = {C54A6BF6-6582-4E85-8E85-ADAF8BBAC901}
	EndGlobalSection
	GlobalSection(ExtensibilityGlobals) = postSolution
		SolutionGuid = {F85AE658-DE11-4CDA-9ED6-E1FF2D60A627}
	EndGlobalSection
EndGlobal
